
Microsoft Visual Studio Solution File, Format Version 12.00
# Visual Studio 15
VisualStudioVersion = 15.0.27130.2010
MinimumVisualStudioVersion = 10.0.40219.1
Project("{FAE04EC0-301F-11D3-BF4B-00C04F79EFBC}") = "CityInfo.API", "CityInfo.API\CityInfo.API.csproj", "{EA38AD08-235D-4220-88CC-1359C5484B73}"
EndProject
Global
	GlobalSection(SolutionConfigurationPlatforms) = preSolution
		Debug|Any CPU = Debug|Any CPU
		Release|Any CPU = Release|Any CPU
	EndGlobalSection
	GlobalSection(ProjectConfigurationPlatforms) = postSolution
		{EA38AD08-235D-4220-88CC-1359C5484B73}.Debug|Any CPU.ActiveCfg = Debug|Any CPU
		{EA38AD08-235D-4220-88CC-1359C5484B73}.Debug|Any CPU.Build.0 = Debug|Any CPU
		{EA38AD08-235D-4220-88CC-1359C5484B73}.Release|Any CPU.ActiveCfg = Release|Any CPU
		{EA38AD08-235D-4220-88CC-1359C5484B73}.Release|Any CPU.Build.0 = Release|Any CPU
	EndGlobalSection
	GlobalSection(SolutionProperties) = preSolution
		HideSolutionNode = FALSE
	EndGlobalSection
	GlobalSection(ExtensibilityGlobals) = postSolution
		SolutionGuid = {EE9E5118-A36A-435B-8614-3E0E92B98911}
	EndGlobalSection
EndGlobal
